// !$*UTF8*$!
{
	archiveVersion = 1;
	classes = {
	};
	objectVersion = 77;
	objects = {

/* Begin PBXContainerItemProxy section */
		3F0D430E2E27618200C7EF63 /* PBXContainerItemProxy */ = {
			isa = PBXContainerItemProxy;
			containerPortal = 3F0D42EF2E27617E00C7EF63 /* Project object */;
			proxyType = 1;
			remoteGlobalIDString = 3F0D42F62E27617E00C7EF63;
			remoteInfo = Class2_AutoLayout_Stacks;
		};
		3F0D43182E27618200C7EF63 /* PBXContainerItemProxy */ = {
			isa = PBXContainerItemProxy;
			containerPortal = 3F0D42EF2E27617E00C7EF63 /* Project object */;
			proxyType = 1;
			remoteGlobalIDString = 3F0D42F62E27617E00C7EF63;
			remoteInfo = Class2_AutoLayout_Stacks;
		};
/* End PBXContainerItemProxy section */

/* Begin PBXFileReference section */
		3F0D42F72E27617E00C7EF63 /* Class2_AutoLayout_Stacks.app */ = {isa = PBXFileReference; explicitFileType = wrapper.application; includeInIndex = 0; path = Class2_AutoLayout_Stacks.app; sourceTree = BUILT_PRODUCTS_DIR; };
		3F0D430D2E27618200C7EF63 /* Class2_AutoLayout_StacksTests.xctest */ = {isa = PBXFileReference; explicitFileType = wrapper.cfbundle; includeInIndex = 0; path = Class2_AutoLayout_StacksTests.xctest; sourceTree = BUILT_PRODUCTS_DIR; };
		3F0D43172E27618200C7EF63 /* Class2_AutoLayout_StacksUITests.xctest */ = {isa = PBXFileReference; explicitFileType = wrapper.cfbundle; includeInIndex = 0; path = Class2_AutoLayout_StacksUITests.xctest; sourceTree = BUILT_PRODUCTS_DIR; };
/* End PBXFileReference section */

/* Begin PBXFileSystemSynchronizedBuildFileExceptionSet section */
		3F0D431F2E27618200C7EF63 /* Exceptions for "Class2_AutoLayout_Stacks" folder in "Class2_AutoLayout_Stacks" target */ = {
			isa = PBXFileSystemSynchronizedBuildFileExceptionSet;
			membershipExceptions = (
				Info.plist,
			);
			target = 3F0D42F62E27617E00C7EF63 /* Class2_AutoLayout_Stacks */;
		};
/* End PBXFileSystemSynchronizedBuildFileExceptionSet section */

/* Begin PBXFileSystemSynchronizedRootGroup section */
		3F0D42F92E27617E00C7EF63 /* Class2_AutoLayout_Stacks */ = {
			isa = PBXFileSystemSynchronizedRootGroup;
			exceptions = (
				3F0D431F2E27618200C7EF63 /* Exceptions for "Class2_AutoLayout_Stacks" folder in "Class2_AutoLayout_Stacks" target */,
			);
			path = Class2_AutoLayout_Stacks;
			sourceTree = "<group>";
		};
		3F0D43102E27618200C7EF63 /* Class2_AutoLayout_StacksTests */ = {
			isa = PBXFileSystemSynchronizedRootGroup;
			path = Class2_AutoLayout_StacksTests;
			sourceTree = "<group>";
		};
		3F0D431A2E27618200C7EF63 /* Class2_AutoLayout_StacksUITests */ = {
			isa = PBXFileSystemSynchronizedRootGroup;
			path = Class2_AutoLayout_StacksUITests;
			sourceTree = "<group>";
		};
/* End PBXFileSystemSynchronizedRootGroup section */

/* Begin PBXFrameworksBuildPhase section */
		3F0D42F42E27617E00C7EF63 /* Frameworks */ = {
			isa = PBXFrameworksBuildPhase;
			buildActionMask = 2147483647;
			files = (
			);
			runOnlyForDeploymentPostprocessing = 0;
		};
		3F0D430A2E27618200C7EF63 /* Frameworks */ = {
			isa = PBXFrameworksBuildPhase;
			buildActionMask = 2147483647;
			files = (
			);
			runOnlyForDeploymentPostprocessing = 0;
		};
		3F0D43142E27618200C7EF63 /* Frameworks */ = {
			isa = PBXFrameworksBuildPhase;
			buildActionMask = 2147483647;
			files = (
			);
			runOnlyForDeploymentPostprocessing = 0;
		};
/* End PBXFrameworksBuildPhase section */

/* Begin PBXGroup section */
		3F0D42EE2E27617E00C7EF63 = {
			isa = PBXGroup;
			children = (
				3F0D42F92E27617E00C7EF63 /* Class2_AutoLayout_Stacks */,
				3F0D43102E27618200C7EF63 /* Class2_AutoLayout_StacksTests */,
				3F0D431A2E27618200C7EF63 /* Class2_AutoLayout_StacksUITests */,
				3F0D42F82E27617E00C7EF63 /* Products */,
			);
			sourceTree = "<group>";
		};
		3F0D42F82E27617E00C7EF63 /* Products */ = {
			isa = PBXGroup;
			children = (
				3F0D42F72E27617E00C7EF63 /* Class2_AutoLayout_Stacks.app */,
				3F0D430D2E27618200C7EF63 /* Class2_AutoLayout_StacksTests.xctest */,
				3F0D43172E27618200C7EF63 /* Class2_AutoLayout_StacksUITests.xctest */,
			);
			name = Products;
			sourceTree = "<group>";
		};
/* End PBXGroup section */

/* Begin PBXNativeTarget section */
		3F0D42F62E27617E00C7EF63 /* Class2_AutoLayout_Stacks */ = {
			isa = PBXNativeTarget;
			buildConfigurationList = 3F0D43202E27618200C7EF63 /* Build configuration list for PBXNativeTarget "Class2_AutoLayout_Stacks" */;
			buildPhases = (
				3F0D42F32E27617E00C7EF63 /* Sources */,
				3F0D42F42E27617E00C7EF63 /* Frameworks */,
				3F0D42F52E27617E00C7EF63 /* Resources */,
			);
			buildRules = (
			);
			dependencies = (
			);
			fileSystemSynchronizedGroups = (
				3F0D42F92E27617E00C7EF63 /* Class2_AutoLayout_Stacks */,
			);
			name = Class2_AutoLayout_Stacks;
			packageProductDependencies = (
			);
			productName = Class2_AutoLayout_Stacks;
			productReference = 3F0D42F72E27617E00C7EF63 /* Class2_AutoLayout_Stacks.app */;
			productType = "com.apple.product-type.application";
		};
		3F0D430C2E27618200C7EF63 /* Class2_AutoLayout_StacksTests */ = {
			isa = PBXNativeTarget;
			buildConfigurationList = 3F0D43252E27618200C7EF63 /* Build configuration list for PBXNativeTarget "Class2_AutoLayout_StacksTests" */;
			buildPhases = (
				3F0D43092E27618200C7EF63 /* Sources */,
				3F0D430A2E27618200C7EF63 /* Frameworks */,
				3F0D430B2E27618200C7EF63 /* Resources */,
			);
			buildRules = (
			);
			dependencies = (
				3F0D430F2E27618200C7EF63 /* PBXTargetDependency */,
			);
			fileSystemSynchronizedGroups = (
				3F0D43102E27618200C7EF63 /* Class2_AutoLayout_StacksTests */,
			);
			name = Class2_AutoLayout_StacksTests;
			packageProductDependencies = (
			);
			productName = Class2_AutoLayout_StacksTests;
			productReference = 3F0D430D2E27618200C7EF63 /* Class2_AutoLayout_StacksTests.xctest */;
			productType = "com.apple.product-type.bundle.unit-test";
		};
		3F0D43162E27618200C7EF63 /* Class2_AutoLayout_StacksUITests */ = {
			isa = PBXNativeTarget;
			buildConfigurationList = 3F0D43282E27618200C7EF63 /* Build configuration list for PBXNativeTarget "Class2_AutoLayout_StacksUITests" */;
			buildPhases = (
				3F0D43132E27618200C7EF63 /* Sources */,
				3F0D43142E27618200C7EF63 /* Frameworks */,
				3F0D43152E27618200C7EF63 /* Resources */,
			);
			buildRules = (
			);
			dependencies = (
				3F0D43192E27618200C7EF63 /* PBXTargetDependency */,
			);
			fileSystemSynchronizedGroups = (
				3F0D431A2E27618200C7EF63 /* Class2_AutoLayout_StacksUITests */,
			);
			name = Class2_AutoLayout_StacksUITests;
			packageProductDependencies = (
			);
			productName = Class2_AutoLayout_StacksUITests;
			productReference = 3F0D43172E27618200C7EF63 /* Class2_AutoLayout_StacksUITests.xctest */;
			productType = "com.apple.product-type.bundle.ui-testing";
		};
/* End PBXNativeTarget section */

/* Begin PBXProject section */
		3F0D42EF2E27617E00C7EF63 /* Project object */ = {
			isa = PBXProject;
			attributes = {
				BuildIndependentTargetsInParallel = 1;
				LastSwiftUpdateCheck = 1640;
				LastUpgradeCheck = 1640;
				TargetAttributes = {
					3F0D42F62E27617E00C7EF63 = {
						CreatedOnToolsVersion = 16.4;
					};
					3F0D430C2E27618200C7EF63 = {
						CreatedOnToolsVersion = 16.4;
						TestTargetID = 3F0D42F62E27617E00C7EF63;
					};
					3F0D43162E27618200C7EF63 = {
						CreatedOnToolsVersion = 16.4;
						TestTargetID = 3F0D42F62E27617E00C7EF63;
					};
				};
			};
			buildConfigurationList = 3F0D42F22E27617E00C7EF63 /* Build configuration list for PBXProject "Class2_AutoLayout_Stacks" */;
			developmentRegion = en;
			hasScannedForEncodings = 0;
			knownRegions = (
				en,
				Base,
			);
			mainGroup = 3F0D42EE2E27617E00C7EF63;
			minimizedProjectReferenceProxies = 1;
			preferredProjectObjectVersion = 77;
			productRefGroup = 3F0D42F82E27617E00C7EF63 /* Products */;
			projectDirPath = "";
			projectRoot = "";
			targets = (
				3F0D42F62E27617E00C7EF63 /* Class2_AutoLayout_Stacks */,
				3F0D430C2E27618200C7EF63 /* Class2_AutoLayout_StacksTests */,
				3F0D43162E27618200C7EF63 /* Class2_AutoLayout_StacksUITests */,
			);
		};
/* End PBXProject section */

/* Begin PBXResourcesBuildPhase section */
		3F0D42F52E27617E00C7EF63 /* Resources */ = {
			isa = PBXResourcesBuildPhase;
			buildActionMask = 2147483647;
			files = (
			);
			runOnlyForDeploymentPostprocessing = 0;
		};
		3F0D430B2E27618200C7EF63 /* Resources */ = {
			isa = PBXResourcesBuildPhase;
			buildActionMask = 2147483647;
			files = (
			);
			runOnlyForDeploymentPostprocessing = 0;
		};
		3F0D43152E27618200C7EF63 /* Resources */ = {
			isa = PBXResourcesBuildPhase;
			buildActionMask = 2147483647;
			files = (
			);
			runOnlyForDeploymentPostprocessing = 0;
		};
/* End PBXResourcesBuildPhase section */

/* Begin PBXSourcesBuildPhase section */
		3F0D42F32E27617E00C7EF63 /* Sources */ = {
			isa = PBXSourcesBuildPhase;
			buildActionMask = 2147483647;
			files = (
			);
			runOnlyForDeploymentPostprocessing = 0;
		};
		3F0D43092E27618200C7EF63 /* Sources */ = {
			isa = PBXSourcesBuildPhase;
			buildActionMask = 2147483647;
			files = (
			);
			runOnlyForDeploymentPostprocessing = 0;
		};
		3F0D43132E27618200C7EF63 /* Sources */ = {
			isa = PBXSourcesBuildPhase;
			buildActionMask = 2147483647;
			files = (
			);
			runOnlyForDeploymentPostprocessing = 0;
		};
/* End PBXSourcesBuildPhase section */

/* Begin PBXTargetDependency section */
		3F0D430F2E27618200C7EF63 /* PBXTargetDependency */ = {
			isa = PBXTargetDependency;
			target = 3F0D42F62E27617E00C7EF63 /* Class2_AutoLayout_Stacks */;
			targetProxy = 3F0D430E2E27618200C7EF63 /* PBXContainerItemProxy */;
		};
		3F0D43192E27618200C7EF63 /* PBXTargetDependency */ = {
			isa = PBXTargetDependency;
			target = 3F0D42F62E27617E00C7EF63 /* Class2_AutoLayout_Stacks */;
			targetProxy = 3F0D43182E27618200C7EF63 /* PBXContainerItemProxy */;
		};
/* End PBXTargetDependency section */

/* Begin XCBuildConfiguration section */
		3F0D43212E27618200C7EF63 /* Debug */ = {
			isa = XCBuildConfiguration;
			buildSettings = {
				ASSETCATALOG_COMPILER_APPICON_NAME = AppIcon;
				ASSETCATALOG_COMPILER_GLOBAL_ACCENT_COLOR_NAME = AccentColor;
				CODE_SIGN_STYLE = Automatic;
				CURRENT_PROJECT_VERSION = 1;
				GENERATE_INFOPLIST_FILE = YES;
				INFOPLIST_FILE = Class2_AutoLayout_Stacks/Info.plist;
				INFOPLIST_KEY_UIApplicationSupportsIndirectInputEvents = YES;
				INFOPLIST_KEY_UILaunchStoryboardName = LaunchScreen;
				INFOPLIST_KEY_UIMainStoryboardFile = Main;
				INFOPLIST_KEY_UISupportedInterfaceOrientations_iPad = "UIInterfaceOrientationPortrait UIInterfaceOrientationPortraitUpsideDown UIInterfaceOrientationLandscapeLeft UIInterfaceOrientationLandscapeRight";
				INFOPLIST_KEY_UISupportedInterfaceOrientations_iPhone = "UIInterfaceOrientationPortrait UIInterfaceOrientationLandscapeLeft UIInterfaceOrientationLandscapeRight";
				LD_RUNPATH_SEARCH_PATHS = (
					"$(inherited)",
					"@executable_path/Frameworks",
				);
				MARKETING_VERSION = 1.0;
				PRODUCT_BUNDLE_IDENTIFIER = "com.dikhsha.Class2-AutoLayout-Stacks";
				PRODUCT_NAME = "$(TARGET_NAME)";
				SWIFT_EMIT_LOC_STRINGS = YES;
				SWIFT_VERSION = 5.0;
				TARGETED_DEVICE_FAMILY = "1,2";
			};
			name = Debug;
		};
		3F0D43222E27618200C7EF63 /* Release */ = {
			isa = XCBuildConfiguration;
			buildSettings = {
				ASSETCATALOG_COMPILER_APPICON_NAME = AppIcon;
				ASSETCATALOG_COMPILER_GLOBAL_ACCENT_COLOR_NAME = AccentColor;
				CODE_SIGN_STYLE = Automatic;
				CURRENT_PROJECT_VERSION = 1;
				GENERATE_INFOPLIST_FILE = YES;
				INFOPLIST_FILE = Class2_AutoLayout_Stacks/Info.plist;
				INFOPLIST_KEY_UIApplicationSupportsIndirectInputEvents = YES;
				INFOPLIST_KEY_UILaunchStoryboardName = LaunchScreen;
				INFOPLIST_KEY_UIMainStoryboardFile = Main;
				INFOPLIST_KEY_UISupportedInterfaceOrientations_iPad = "UIInterfaceOrientationPortrait UIInterfaceOrientationPortraitUpsideDown UIInterfaceOrientationLandscapeLeft UIInterfaceOrientationLandscapeRight";
				INFOPLIST_KEY_UISupportedInterfaceOrientations_iPhone = "UIInterfaceOrientationPortrait UIInterfaceOrientationLandscapeLeft UIInterfaceOrientationLandscapeRight";
				LD_RUNPATH_SEARCH_PATHS = (
					"$(inherited)",
					"@executable_path/Frameworks",
				);
				MARKETING_VERSION = 1.0;
				PRODUCT_BUNDLE_IDENTIFIER = "com.dikhsha.Class2-AutoLayout-Stacks";
				PRODUCT_NAME = "$(TARGET_NAME)";
				SWIFT_EMIT_LOC_STRINGS = YES;
				SWIFT_VERSION = 5.0;
				TARGETED_DEVICE_FAMILY = "1,2";
			};
			name = Release;
		};
		3F0D43232E27618200C7EF63 /* Debug */ = {
			isa = XCBuildConfiguration;
			buildSettings = {
				ALWAYS_SEARCH_USER_PATHS = NO;
				ASSETCATALOG_COMPILER_GENERATE_SWIFT_ASSET_SYMBOL_EXTENSIONS = YES;
				CLANG_ANALYZER_NONNULL = YES;
				CLANG_ANALYZER_NUMBER_OBJECT_CONVERSION = YES_AGGRESSIVE;
				CLANG_CXX_LANGUAGE_STANDARD = "gnu++20";
				CLANG_ENABLE_MODULES = YES;
				CLANG_ENABLE_OBJC_ARC = YES;
				CLANG_ENABLE_OBJC_WEAK = YES;
				CLANG_WARN_BLOCK_CAPTURE_AUTORELEASING = YES;
				CLANG_WARN_BOOL_CONVERSION = YES;
				CLANG_WARN_COMMA = YES;
				CLANG_WARN_CONSTANT_CONVERSION = YES;
				CLANG_WARN_DEPRECATED_OBJC_IMPLEMENTATIONS = YES;
				CLANG_WARN_DIRECT_OBJC_ISA_USAGE = YES_ERROR;
				CLANG_WARN_DOCUMENTATION_COMMENTS = YES;
				CLANG_WARN_EMPTY_BODY = YES;
				CLANG_WARN_ENUM_CONVERSION = YES;
				CLANG_WARN_INFINITE_RECURSION = YES;
				CLANG_WARN_INT_CONVERSION = YES;
				CLANG_WARN_NON_LITERAL_NULL_CONVERSION = YES;
				CLANG_WARN_OBJC_IMPLICIT_RETAIN_SELF = YES;
				CLANG_WARN_OBJC_LITERAL_CONVERSION = YES;
				CLANG_WARN_OBJC_ROOT_CLASS = YES_ERROR;
				CLANG_WARN_QUOTED_INCLUDE_IN_FRAMEWORK_HEADER = YES;
				CLANG_WARN_RANGE_LOOP_ANALYSIS = YES;
				CLANG_WARN_STRICT_PROTOTYPES = YES;
				CLANG_WARN_SUSPICIOUS_MOVE = YES;
				CLANG_WARN_UNGUARDED_AVAILABILITY = YES_AGGRESSIVE;
				CLANG_WARN_UNREACHABLE_CODE = YES;
				CLANG_WARN__DUPLICATE_METHOD_MATCH = YES;
				COPY_PHASE_STRIP = NO;
				DEBUG_INFORMATION_FORMAT = dwarf;
				ENABLE_STRICT_OBJC_MSGSEND = YES;
				ENABLE_TESTABILITY = YES;
				ENABLE_USER_SCRIPT_SANDBOXING = YES;
				GCC_C_LANGUAGE_STANDARD = gnu17;
				GCC_DYNAMIC_NO_PIC = NO;
				GCC_NO_COMMON_BLOCKS = YES;
				GCC_OPTIMIZATION_LEVEL = 0;
				GCC_PREPROCESSOR_DEFINITIONS = (
					"DEBUG=1",
					"$(inherited)",
				);
				GCC_WARN_64_TO_32_BIT_CONVERSION = YES;
				GCC_WARN_ABOUT_RETURN_TYPE = YES_ERROR;
				GCC_WARN_UNDECLARED_SELECTOR = YES;
				GCC_WARN_UNINITIALIZED_AUTOS = YES_AGGRESSIVE;
				GCC_WARN_UNUSED_FUNCTION = YES;
				GCC_WARN_UNUSED_VARIABLE = YES;
				IPHONEOS_DEPLOYMENT_TARGET = 18.5;
				LOCALIZATION_PREFERS_STRING_CATALOGS = YES;
				MTL_ENABLE_DEBUG_INFO = INCLUDE_SOURCE;
				MTL_FAST_MATH = YES;
				ONLY_ACTIVE_ARCH = YES;
				SDKROOT = iphoneos;
				SWIFT_ACTIVE_COMPILATION_CONDITIONS = "DEBUG $(inherited)";
				SWIFT_OPTIMIZATION_LEVEL = "-Onone";
			};
			name = Debug;
		};
		3F0D43242E27618200C7EF63 /* Release */ = {
			isa = XCBuildConfiguration;
			buildSettings = {
				ALWAYS_SEARCH_USER_PATHS = NO;
				ASSETCATALOG_COMPILER_GENERATE_SWIFT_ASSET_SYMBOL_EXTENSIONS = YES;
				CLANG_ANALYZER_NONNULL = YES;
				CLANG_ANALYZER_NUMBER_OBJECT_CONVERSION = YES_AGGRESSIVE;
				CLANG_CXX_LANGUAGE_STANDARD = "gnu++20";
				CLANG_ENABLE_MODULES = YES;
				CLANG_ENABLE_OBJC_ARC = YES;
				CLANG_ENABLE_OBJC_WEAK = YES;
				CLANG_WARN_BLOCK_CAPTURE_AUTORELEASING = YES;
				CLANG_WARN_BOOL_CONVERSION = YES;
				CLANG_WARN_COMMA = YES;
				CLANG_WARN_CONSTANT_CONVERSION = YES;
				CLANG_WARN_DEPRECATED_OBJC_IMPLEMENTATIONS = YES;
				CLANG_WARN_DIRECT_OBJC_ISA_USAGE = YES_ERROR;
				CLANG_WARN_DOCUMENTATION_COMMENTS = YES;
				CLANG_WARN_EMPTY_BODY = YES;
				CLANG_WARN_ENUM_CONVERSION = YES;
				CLANG_WARN_INFINITE_RECURSION = YES;
				CLANG_WARN_INT_CONVERSION = YES;
				CLANG_WARN_NON_LITERAL_NULL_CONVERSION = YES;
				CLANG_WARN_OBJC_IMPLICIT_RETAIN_SELF = YES;
				CLANG_WARN_OBJC_LITERAL_CONVERSION = YES;
				CLANG_WARN_OBJC_ROOT_CLASS = YES_ERROR;
				CLANG_WARN_QUOTED_INCLUDE_IN_FRAMEWORK_HEADER = YES;
				CLANG_WARN_RANGE_LOOP_ANALYSIS = YES;
				CLANG_WARN_STRICT_PROTOTYPES = YES;
				CLANG_WARN_SUSPICIOUS_MOVE = YES;
				CLANG_WARN_UNGUARDED_AVAILABILITY = YES_AGGRESSIVE;
				CLANG_WARN_UNREACHABLE_CODE = YES;
				CLANG_WARN__DUPLICATE_METHOD_MATCH = YES;
				COPY_PHASE_STRIP = NO;
				DEBUG_INFORMATION_FORMAT = "dwarf-with-dsym";
				ENABLE_NS_ASSERTIONS = NO;
				ENABLE_STRICT_OBJC_MSGSEND = YES;
				ENABLE_USER_SCRIPT_SANDBOXING = YES;
				GCC_C_LANGUAGE_STANDARD = gnu17;
				GCC_NO_COMMON_BLOCKS = YES;
				GCC_WARN_64_TO_32_BIT_CONVERSION = YES;
				GCC_WARN_ABOUT_RETURN_TYPE = YES_ERROR;
				GCC_WARN_UNDECLARED_SELECTOR = YES;
				GCC_WARN_UNINITIALIZED_AUTOS = YES_AGGRESSIVE;
				GCC_WARN_UNUSED_FUNCTION = YES;
				GCC_WARN_UNUSED_VARIABLE = YES;
				IPHONEOS_DEPLOYMENT_TARGET = 18.5;
				LOCALIZATION_PREFERS_STRING_CATALOGS = YES;
				MTL_ENABLE_DEBUG_INFO = NO;
				MTL_FAST_MATH = YES;
				SDKROOT = iphoneos;
				SWIFT_COMPILATION_MODE = wholemodule;
				VALIDATE_PRODUCT = YES;
			};
			name = Release;
		};
		3F0D43262E27618200C7EF63 /* Debug */ = {
			isa = XCBuildConfiguration;
			buildSettings = {
				BUNDLE_LOADER = "$(TEST_HOST)";
				CODE_SIGN_STYLE = Automatic;
				CURRENT_PROJECT_VERSION = 1;
				GENERATE_INFOPLIST_FILE = YES;
				IPHONEOS_DEPLOYMENT_TARGET = 18.5;
				MARKETING_VERSION = 1.0;
				PRODUCT_BUNDLE_IDENTIFIER = "com.dikhsha.Class2-AutoLayout-StacksTests";
				PRODUCT_NAME = "$(TARGET_NAME)";
				SWIFT_EMIT_LOC_STRINGS = NO;
				SWIFT_VERSION = 5.0;
				TARGETED_DEVICE_FAMILY = "1,2";
				TEST_HOST = "$(BUILT_PRODUCTS_DIR)/Class2_AutoLayout_Stacks.app/$(BUNDLE_EXECUTABLE_FOLDER_PATH)/Class2_AutoLayout_Stacks";
			};
			name = Debug;
		};
		3F0D43272E27618200C7EF63 /* Release */ = {
			isa = XCBuildConfiguration;
			buildSettings = {
				BUNDLE_LOADER = "$(TEST_HOST)";
				CODE_SIGN_STYLE = Automatic;
				CURRENT_PROJECT_VERSION = 1;
				GENERATE_INFOPLIST_FILE = YES;
				IPHONEOS_DEPLOYMENT_TARGET = 18.5;
				MARKETING_VERSION = 1.0;
				PRODUCT_BUNDLE_IDENTIFIER = "com.dikhsha.Class2-AutoLayout-StacksTests";
				PRODUCT_NAME = "$(TARGET_NAME)";
				SWIFT_EMIT_LOC_STRINGS = NO;
				SWIFT_VERSION = 5.0;
				TARGETED_DEVICE_FAMILY = "1,2";
				TEST_HOST = "$(BUILT_PRODUCTS_DIR)/Class2_AutoLayout_Stacks.app/$(BUNDLE_EXECUTABLE_FOLDER_PATH)/Class2_AutoLayout_Stacks";
			};
			name = Release;
		};
		3F0D43292E27618200C7EF63 /* Debug */ = {
			isa = XCBuildConfiguration;
			buildSettings = {
				CODE_SIGN_STYLE = Automatic;
				CURRENT_PROJECT_VERSION = 1;
				GENERATE_INFOPLIST_FILE = YES;
				MARKETING_VERSION = 1.0;
				PRODUCT_BUNDLE_IDENTIFIER = "com.dikhsha.Class2-AutoLayout-StacksUITests";
				PRODUCT_NAME = "$(TARGET_NAME)";
				SWIFT_EMIT_LOC_STRINGS = NO;
				SWIFT_VERSION = 5.0;
				TARGETED_DEVICE_FAMILY = "1,2";
				TEST_TARGET_NAME = Class2_AutoLayout_Stacks;
			};
			name = Debug;
		};
		3F0D432A2E27618200C7EF63 /* Release */ = {
			isa = XCBuildConfiguration;
			buildSettings = {
				CODE_SIGN_STYLE = Automatic;
				CURRENT_PROJECT_VERSION = 1;
				GENERATE_INFOPLIST_FILE = YES;
				MARKETING_VERSION = 1.0;
				PRODUCT_BUNDLE_IDENTIFIER = "com.dikhsha.Class2-AutoLayout-StacksUITests";
				PRODUCT_NAME = "$(TARGET_NAME)";
				SWIFT_EMIT_LOC_STRINGS = NO;
				SWIFT_VERSION = 5.0;
				TARGETED_DEVICE_FAMILY = "1,2";
				TEST_TARGET_NAME = Class2_AutoLayout_Stacks;
			};
			name = Release;
		};
/* End XCBuildConfiguration section */

/* Begin XCConfigurationList section */
		3F0D42F22E27617E00C7EF63 /* Build configuration list for PBXProject "Class2_AutoLayout_Stacks" */ = {
			isa = XCConfigurationList;
			buildConfigurations = (
				3F0D43232E27618200C7EF63 /* Debug */,
				3F0D43242E27618200C7EF63 /* Release */,
			);
			defaultConfigurationIsVisible = 0;
			defaultConfigurationName = Release;
		};
		3F0D43202E27618200C7EF63 /* Build configuration list for PBXNativeTarget "Class2_AutoLayout_Stacks" */ = {
			isa = XCConfigurationList;
			buildConfigurations = (
				3F0D43212E27618200C7EF63 /* Debug */,
				3F0D43222E27618200C7EF63 /* Release */,
			);
			defaultConfigurationIsVisible = 0;
			defaultConfigurationName = Release;
		};
		3F0D43252E27618200C7EF63 /* Build configuration list for PBXNativeTarget "Class2_AutoLayout_StacksTests" */ = {
			isa = XCConfigurationList;
			buildConfigurations = (
				3F0D43262E27618200C7EF63 /* Debug */,
				3F0D43272E27618200C7EF63 /* Release */,
			);
			defaultConfigurationIsVisible = 0;
			defaultConfigurationName = Release;
		};
		3F0D43282E27618200C7EF63 /* Build configuration list for PBXNativeTarget "Class2_AutoLayout_StacksUITests" */ = {
			isa = XCConfigurationList;
			buildConfigurations = (
				3F0D43292E27618200C7EF63 /* Debug */,
				3F0D432A2E27618200C7EF63 /* Release */,
			);
			defaultConfigurationIsVisible = 0;
			defaultConfigurationName = Release;
		};
/* End XCConfigurationList section */
	};
	rootObject = 3F0D42EF2E27617E00C7EF63 /* Project object */;
}
