// !$*UTF8*$!
{
	archiveVersion = 1;
	classes = {
	};
	objectVersion = 77;
	objects = {

/* Begin PBXContainerItemProxy section */
		3F50EE412E29FB580059820B /* PBXContainerItemProxy */ = {
			isa = PBXContainerItemProxy;
			containerPortal = 3F50EE222E29FB560059820B /* Project object */;
			proxyType = 1;
			remoteGlobalIDString = 3F50EE292E29FB560059820B;
			remoteInfo = Seguv_Navigation;
		};
		3F50EE4B2E29FB580059820B /* PBXContainerItemProxy */ = {
			isa = PBXContainerItemProxy;
			containerPortal = 3F50EE222E29FB560059820B /* Project object */;
			proxyType = 1;
			remoteGlobalIDString = 3F50EE292E29FB560059820B;
			remoteInfo = Seguv_Navigation;
		};
/* End PBXContainerItemProxy section */

/* Begin PBXFileReference section */
		3F50EE2A2E29FB560059820B /* Seguv_Navigation.app */ = {isa = PBXFileReference; explicitFileType = wrapper.application; includeInIndex = 0; path = Seguv_Navigation.app; sourceTree = BUILT_PRODUCTS_DIR; };
		3F50EE402E29FB580059820B /* Seguv_NavigationTests.xctest */ = {isa = PBXFileReference; explicitFileType = wrapper.cfbundle; includeInIndex = 0; path = Seguv_NavigationTests.xctest; sourceTree = BUILT_PRODUCTS_DIR; };
		3F50EE4A2E29FB580059820B /* Seguv_NavigationUITests.xctest */ = {isa = PBXFileReference; explicitFileType = wrapper.cfbundle; includeInIndex = 0; path = Seguv_NavigationUITests.xctest; sourceTree = BUILT_PRODUCTS_DIR; };
/* End PBXFileReference section */

/* Begin PBXFileSystemSynchronizedBuildFileExceptionSet section */
		3F50EE522E29FB580059820B /* Exceptions for "Seguv_Navigation" folder in "Seguv_Navigation" target */ = {
			isa = PBXFileSystemSynchronizedBuildFileExceptionSet;
			membershipExceptions = (
				Info.plist,
			);
			target = 3F50EE292E29FB560059820B /* Seguv_Navigation */;
		};
/* End PBXFileSystemSynchronizedBuildFileExceptionSet section */

/* Begin PBXFileSystemSynchronizedRootGroup section */
		3F50EE2C2E29FB560059820B /* Seguv_Navigation */ = {
			isa = PBXFileSystemSynchronizedRootGroup;
			exceptions = (
				3F50EE522E29FB580059820B /* Exceptions for "Seguv_Navigation" folder in "Seguv_Navigation" target */,
			);
			path = Seguv_Navigation;
			sourceTree = "<group>";
		};
		3F50EE432E29FB580059820B /* Seguv_NavigationTests */ = {
			isa = PBXFileSystemSynchronizedRootGroup;
			path = Seguv_NavigationTests;
			sourceTree = "<group>";
		};
		3F50EE4D2E29FB580059820B /* Seguv_NavigationUITests */ = {
			isa = PBXFileSystemSynchronizedRootGroup;
			path = Seguv_NavigationUITests;
			sourceTree = "<group>";
		};
/* End PBXFileSystemSynchronizedRootGroup section */

/* Begin PBXFrameworksBuildPhase section */
		3F50EE272E29FB560059820B /* Frameworks */ = {
			isa = PBXFrameworksBuildPhase;
			buildActionMask = 2147483647;
			files = (
			);
			runOnlyForDeploymentPostprocessing = 0;
		};
		3F50EE3D2E29FB580059820B /* Frameworks */ = {
			isa = PBXFrameworksBuildPhase;
			buildActionMask = 2147483647;
			files = (
			);
			runOnlyForDeploymentPostprocessing = 0;
		};
		3F50EE472E29FB580059820B /* Frameworks */ = {
			isa = PBXFrameworksBuildPhase;
			buildActionMask = 2147483647;
			files = (
			);
			runOnlyForDeploymentPostprocessing = 0;
		};
/* End PBXFrameworksBuildPhase section */

/* Begin PBXGroup section */
		3F50EE212E29FB560059820B = {
			isa = PBXGroup;
			children = (
				3F50EE2C2E29FB560059820B /* Seguv_Navigation */,
				3F50EE432E29FB580059820B /* Seguv_NavigationTests */,
				3F50EE4D2E29FB580059820B /* Seguv_NavigationUITests */,
				3F50EE2B2E29FB560059820B /* Products */,
			);
			sourceTree = "<group>";
		};
		3F50EE2B2E29FB560059820B /* Products */ = {
			isa = PBXGroup;
			children = (
				3F50EE2A2E29FB560059820B /* Seguv_Navigation.app */,
				3F50EE402E29FB580059820B /* Seguv_NavigationTests.xctest */,
				3F50EE4A2E29FB580059820B /* Seguv_NavigationUITests.xctest */,
			);
			name = Products;
			sourceTree = "<group>";
		};
/* End PBXGroup section */

/* Begin PBXNativeTarget section */
		3F50EE292E29FB560059820B /* Seguv_Navigation */ = {
			isa = PBXNativeTarget;
			buildConfigurationList = 3F50EE532E29FB580059820B /* Build configuration list for PBXNativeTarget "Seguv_Navigation" */;
			buildPhases = (
				3F50EE262E29FB560059820B /* Sources */,
				3F50EE272E29FB560059820B /* Frameworks */,
				3F50EE282E29FB560059820B /* Resources */,
			);
			buildRules = (
			);
			dependencies = (
			);
			fileSystemSynchronizedGroups = (
				3F50EE2C2E29FB560059820B /* Seguv_Navigation */,
			);
			name = Seguv_Navigation;
			packageProductDependencies = (
			);
			productName = Seguv_Navigation;
			productReference = 3F50EE2A2E29FB560059820B /* Seguv_Navigation.app */;
			productType = "com.apple.product-type.application";
		};
		3F50EE3F2E29FB580059820B /* Seguv_NavigationTests */ = {
			isa = PBXNativeTarget;
			buildConfigurationList = 3F50EE582E29FB580059820B /* Build configuration list for PBXNativeTarget "Seguv_NavigationTests" */;
			buildPhases = (
				3F50EE3C2E29FB580059820B /* Sources */,
				3F50EE3D2E29FB580059820B /* Frameworks */,
				3F50EE3E2E29FB580059820B /* Resources */,
			);
			buildRules = (
			);
			dependencies = (
				3F50EE422E29FB580059820B /* PBXTargetDependency */,
			);
			fileSystemSynchronizedGroups = (
				3F50EE432E29FB580059820B /* Seguv_NavigationTests */,
			);
			name = Seguv_NavigationTests;
			packageProductDependencies = (
			);
			productName = Seguv_NavigationTests;
			productReference = 3F50EE402E29FB580059820B /* Seguv_NavigationTests.xctest */;
			productType = "com.apple.product-type.bundle.unit-test";
		};
		3F50EE492E29FB580059820B /* Seguv_NavigationUITests */ = {
			isa = PBXNativeTarget;
			buildConfigurationList = 3F50EE5B2E29FB580059820B /* Build configuration list for PBXNativeTarget "Seguv_NavigationUITests" */;
			buildPhases = (
				3F50EE462E29FB580059820B /* Sources */,
				3F50EE472E29FB580059820B /* Frameworks */,
				3F50EE482E29FB580059820B /* Resources */,
			);
			buildRules = (
			);
			dependencies = (
				3F50EE4C2E29FB580059820B /* PBXTargetDependency */,
			);
			fileSystemSynchronizedGroups = (
				3F50EE4D2E29FB580059820B /* Seguv_NavigationUITests */,
			);
			name = Seguv_NavigationUITests;
			packageProductDependencies = (
			);
			productName = Seguv_NavigationUITests;
			productReference = 3F50EE4A2E29FB580059820B /* Seguv_NavigationUITests.xctest */;
			productType = "com.apple.product-type.bundle.ui-testing";
		};
/* End PBXNativeTarget section */

/* Begin PBXProject section */
		3F50EE222E29FB560059820B /* Project object */ = {
			isa = PBXProject;
			attributes = {
				BuildIndependentTargetsInParallel = 1;
				LastSwiftUpdateCheck = 1640;
				LastUpgradeCheck = 1640;
				TargetAttributes = {
					3F50EE292E29FB560059820B = {
						CreatedOnToolsVersion = 16.4;
					};
					3F50EE3F2E29FB580059820B = {
						CreatedOnToolsVersion = 16.4;
						TestTargetID = 3F50EE292E29FB560059820B;
					};
					3F50EE492E29FB580059820B = {
						CreatedOnToolsVersion = 16.4;
						TestTargetID = 3F50EE292E29FB560059820B;
					};
				};
			};
			buildConfigurationList = 3F50EE252E29FB560059820B /* Build configuration list for PBXProject "Seguv_Navigation" */;
			developmentRegion = en;
			hasScannedForEncodings = 0;
			knownRegions = (
				en,
				Base,
			);
			mainGroup = 3F50EE212E29FB560059820B;
			minimizedProjectReferenceProxies = 1;
			preferredProjectObjectVersion = 77;
			productRefGroup = 3F50EE2B2E29FB560059820B /* Products */;
			projectDirPath = "";
			projectRoot = "";
			targets = (
				3F50EE292E29FB560059820B /* Seguv_Navigation */,
				3F50EE3F2E29FB580059820B /* Seguv_NavigationTests */,
				3F50EE492E29FB580059820B /* Seguv_NavigationUITests */,
			);
		};
/* End PBXProject section */

/* Begin PBXResourcesBuildPhase section */
		3F50EE282E29FB560059820B /* Resources */ = {
			isa = PBXResourcesBuildPhase;
			buildActionMask = 2147483647;
			files = (
			);
			runOnlyForDeploymentPostprocessing = 0;
		};
		3F50EE3E2E29FB580059820B /* Resources */ = {
			isa = PBXResourcesBuildPhase;
			buildActionMask = 2147483647;
			files = (
			);
			runOnlyForDeploymentPostprocessing = 0;
		};
		3F50EE482E29FB580059820B /* Resources */ = {
			isa = PBXResourcesBuildPhase;
			buildActionMask = 2147483647;
			files = (
			);
			runOnlyForDeploymentPostprocessing = 0;
		};
/* End PBXResourcesBuildPhase section */

/* Begin PBXSourcesBuildPhase section */
		3F50EE262E29FB560059820B /* Sources */ = {
			isa = PBXSourcesBuildPhase;
			buildActionMask = 2147483647;
			files = (
			);
			runOnlyForDeploymentPostprocessing = 0;
		};
		3F50EE3C2E29FB580059820B /* Sources */ = {
			isa = PBXSourcesBuildPhase;
			buildActionMask = 2147483647;
			files = (
			);
			runOnlyForDeploymentPostprocessing = 0;
		};
		3F50EE462E29FB580059820B /* Sources */ = {
			isa = PBXSourcesBuildPhase;
			buildActionMask = 2147483647;
			files = (
			);
			runOnlyForDeploymentPostprocessing = 0;
		};
/* End PBXSourcesBuildPhase section */

/* Begin PBXTargetDependency section */
		3F50EE422E29FB580059820B /* PBXTargetDependency */ = {
			isa = PBXTargetDependency;
			target = 3F50EE292E29FB560059820B /* Seguv_Navigation */;
			targetProxy = 3F50EE412E29FB580059820B /* PBXContainerItemProxy */;
		};
		3F50EE4C2E29FB580059820B /* PBXTargetDependency */ = {
			isa = PBXTargetDependency;
			target = 3F50EE292E29FB560059820B /* Seguv_Navigation */;
			targetProxy = 3F50EE4B2E29FB580059820B /* PBXContainerItemProxy */;
		};
/* End PBXTargetDependency section */

/* Begin XCBuildConfiguration section */
		3F50EE542E29FB580059820B /* Debug */ = {
			isa = XCBuildConfiguration;
			buildSettings = {
				ASSETCATALOG_COMPILER_APPICON_NAME = AppIcon;
				ASSETCATALOG_COMPILER_GLOBAL_ACCENT_COLOR_NAME = AccentColor;
				CODE_SIGN_STYLE = Automatic;
				CURRENT_PROJECT_VERSION = 1;
				GENERATE_INFOPLIST_FILE = YES;
				INFOPLIST_FILE = Seguv_Navigation/Info.plist;
				INFOPLIST_KEY_UIApplicationSupportsIndirectInputEvents = YES;
				INFOPLIST_KEY_UILaunchStoryboardName = LaunchScreen;
				INFOPLIST_KEY_UIMainStoryboardFile = Main;
				INFOPLIST_KEY_UISupportedInterfaceOrientations_iPad = "UIInterfaceOrientationPortrait UIInterfaceOrientationPortraitUpsideDown UIInterfaceOrientationLandscapeLeft UIInterfaceOrientationLandscapeRight";
				INFOPLIST_KEY_UISupportedInterfaceOrientations_iPhone = "UIInterfaceOrientationPortrait UIInterfaceOrientationLandscapeLeft UIInterfaceOrientationLandscapeRight";
				LD_RUNPATH_SEARCH_PATHS = (
					"$(inherited)",
					"@executable_path/Frameworks",
				);
				MARKETING_VERSION = 1.0;
				PRODUCT_BUNDLE_IDENTIFIER = "com.dikhsha.Seguv-Navigation";
				PRODUCT_NAME = "$(TARGET_NAME)";
				SWIFT_EMIT_LOC_STRINGS = YES;
				SWIFT_VERSION = 5.0;
				TARGETED_DEVICE_FAMILY = "1,2";
			};
			name = Debug;
		};
		3F50EE552E29FB580059820B /* Release */ = {
			isa = XCBuildConfiguration;
			buildSettings = {
				ASSETCATALOG_COMPILER_APPICON_NAME = AppIcon;
				ASSETCATALOG_COMPILER_GLOBAL_ACCENT_COLOR_NAME = AccentColor;
				CODE_SIGN_STYLE = Automatic;
				CURRENT_PROJECT_VERSION = 1;
				GENERATE_INFOPLIST_FILE = YES;
				INFOPLIST_FILE = Seguv_Navigation/Info.plist;
				INFOPLIST_KEY_UIApplicationSupportsIndirectInputEvents = YES;
				INFOPLIST_KEY_UILaunchStoryboardName = LaunchScreen;
				INFOPLIST_KEY_UIMainStoryboardFile = Main;
				INFOPLIST_KEY_UISupportedInterfaceOrientations_iPad = "UIInterfaceOrientationPortrait UIInterfaceOrientationPortraitUpsideDown UIInterfaceOrientationLandscapeLeft UIInterfaceOrientationLandscapeRight";
				INFOPLIST_KEY_UISupportedInterfaceOrientations_iPhone = "UIInterfaceOrientationPortrait UIInterfaceOrientationLandscapeLeft UIInterfaceOrientationLandscapeRight";
				LD_RUNPATH_SEARCH_PATHS = (
					"$(inherited)",
					"@executable_path/Frameworks",
				);
				MARKETING_VERSION = 1.0;
				PRODUCT_BUNDLE_IDENTIFIER = "com.dikhsha.Seguv-Navigation";
				PRODUCT_NAME = "$(TARGET_NAME)";
				SWIFT_EMIT_LOC_STRINGS = YES;
				SWIFT_VERSION = 5.0;
				TARGETED_DEVICE_FAMILY = "1,2";
			};
			name = Release;
		};
		3F50EE562E29FB580059820B /* Debug */ = {
			isa = XCBuildConfiguration;
			buildSettings = {
				ALWAYS_SEARCH_USER_PATHS = NO;
				ASSETCATALOG_COMPILER_GENERATE_SWIFT_ASSET_SYMBOL_EXTENSIONS = YES;
				CLANG_ANALYZER_NONNULL = YES;
				CLANG_ANALYZER_NUMBER_OBJECT_CONVERSION = YES_AGGRESSIVE;
				CLANG_CXX_LANGUAGE_STANDARD = "gnu++20";
				CLANG_ENABLE_MODULES = YES;
				CLANG_ENABLE_OBJC_ARC = YES;
				CLANG_ENABLE_OBJC_WEAK = YES;
				CLANG_WARN_BLOCK_CAPTURE_AUTORELEASING = YES;
				CLANG_WARN_BOOL_CONVERSION = YES;
				CLANG_WARN_COMMA = YES;
				CLANG_WARN_CONSTANT_CONVERSION = YES;
				CLANG_WARN_DEPRECATED_OBJC_IMPLEMENTATIONS = YES;
				CLANG_WARN_DIRECT_OBJC_ISA_USAGE = YES_ERROR;
				CLANG_WARN_DOCUMENTATION_COMMENTS = YES;
				CLANG_WARN_EMPTY_BODY = YES;
				CLANG_WARN_ENUM_CONVERSION = YES;
				CLANG_WARN_INFINITE_RECURSION = YES;
				CLANG_WARN_INT_CONVERSION = YES;
				CLANG_WARN_NON_LITERAL_NULL_CONVERSION = YES;
				CLANG_WARN_OBJC_IMPLICIT_RETAIN_SELF = YES;
				CLANG_WARN_OBJC_LITERAL_CONVERSION = YES;
				CLANG_WARN_OBJC_ROOT_CLASS = YES_ERROR;
				CLANG_WARN_QUOTED_INCLUDE_IN_FRAMEWORK_HEADER = YES;
				CLANG_WARN_RANGE_LOOP_ANALYSIS = YES;
				CLANG_WARN_STRICT_PROTOTYPES = YES;
				CLANG_WARN_SUSPICIOUS_MOVE = YES;
				CLANG_WARN_UNGUARDED_AVAILABILITY = YES_AGGRESSIVE;
				CLANG_WARN_UNREACHABLE_CODE = YES;
				CLANG_WARN__DUPLICATE_METHOD_MATCH = YES;
				COPY_PHASE_STRIP = NO;
				DEBUG_INFORMATION_FORMAT = dwarf;
				ENABLE_STRICT_OBJC_MSGSEND = YES;
				ENABLE_TESTABILITY = YES;
				ENABLE_USER_SCRIPT_SANDBOXING = YES;
				GCC_C_LANGUAGE_STANDARD = gnu17;
				GCC_DYNAMIC_NO_PIC = NO;
				GCC_NO_COMMON_BLOCKS = YES;
				GCC_OPTIMIZATION_LEVEL = 0;
				GCC_PREPROCESSOR_DEFINITIONS = (
					"DEBUG=1",
					"$(inherited)",
				);
				GCC_WARN_64_TO_32_BIT_CONVERSION = YES;
				GCC_WARN_ABOUT_RETURN_TYPE = YES_ERROR;
				GCC_WARN_UNDECLARED_SELECTOR = YES;
				GCC_WARN_UNINITIALIZED_AUTOS = YES_AGGRESSIVE;
				GCC_WARN_UNUSED_FUNCTION = YES;
				GCC_WARN_UNUSED_VARIABLE = YES;
				IPHONEOS_DEPLOYMENT_TARGET = 18.5;
				LOCALIZATION_PREFERS_STRING_CATALOGS = YES;
				MTL_ENABLE_DEBUG_INFO = INCLUDE_SOURCE;
				MTL_FAST_MATH = YES;
				ONLY_ACTIVE_ARCH = YES;
				SDKROOT = iphoneos;
				SWIFT_ACTIVE_COMPILATION_CONDITIONS = "DEBUG $(inherited)";
				SWIFT_OPTIMIZATION_LEVEL = "-Onone";
			};
			name = Debug;
		};
		3F50EE572E29FB580059820B /* Release */ = {
			isa = XCBuildConfiguration;
			buildSettings = {
				ALWAYS_SEARCH_USER_PATHS = NO;
				ASSETCATALOG_COMPILER_GENERATE_SWIFT_ASSET_SYMBOL_EXTENSIONS = YES;
				CLANG_ANALYZER_NONNULL = YES;
				CLANG_ANALYZER_NUMBER_OBJECT_CONVERSION = YES_AGGRESSIVE;
				CLANG_CXX_LANGUAGE_STANDARD = "gnu++20";
				CLANG_ENABLE_MODULES = YES;
				CLANG_ENABLE_OBJC_ARC = YES;
				CLANG_ENABLE_OBJC_WEAK = YES;
				CLANG_WARN_BLOCK_CAPTURE_AUTORELEASING = YES;
				CLANG_WARN_BOOL_CONVERSION = YES;
				CLANG_WARN_COMMA = YES;
				CLANG_WARN_CONSTANT_CONVERSION = YES;
				CLANG_WARN_DEPRECATED_OBJC_IMPLEMENTATIONS = YES;
				CLANG_WARN_DIRECT_OBJC_ISA_USAGE = YES_ERROR;
				CLANG_WARN_DOCUMENTATION_COMMENTS = YES;
				CLANG_WARN_EMPTY_BODY = YES;
				CLANG_WARN_ENUM_CONVERSION = YES;
				CLANG_WARN_INFINITE_RECURSION = YES;
				CLANG_WARN_INT_CONVERSION = YES;
				CLANG_WARN_NON_LITERAL_NULL_CONVERSION = YES;
				CLANG_WARN_OBJC_IMPLICIT_RETAIN_SELF = YES;
				CLANG_WARN_OBJC_LITERAL_CONVERSION = YES;
				CLANG_WARN_OBJC_ROOT_CLASS = YES_ERROR;
				CLANG_WARN_QUOTED_INCLUDE_IN_FRAMEWORK_HEADER = YES;
				CLANG_WARN_RANGE_LOOP_ANALYSIS = YES;
				CLANG_WARN_STRICT_PROTOTYPES = YES;
				CLANG_WARN_SUSPICIOUS_MOVE = YES;
				CLANG_WARN_UNGUARDED_AVAILABILITY = YES_AGGRESSIVE;
				CLANG_WARN_UNREACHABLE_CODE = YES;
				CLANG_WARN__DUPLICATE_METHOD_MATCH = YES;
				COPY_PHASE_STRIP = NO;
				DEBUG_INFORMATION_FORMAT = "dwarf-with-dsym";
				ENABLE_NS_ASSERTIONS = NO;
				ENABLE_STRICT_OBJC_MSGSEND = YES;
				ENABLE_USER_SCRIPT_SANDBOXING = YES;
				GCC_C_LANGUAGE_STANDARD = gnu17;
				GCC_NO_COMMON_BLOCKS = YES;
				GCC_WARN_64_TO_32_BIT_CONVERSION = YES;
				GCC_WARN_ABOUT_RETURN_TYPE = YES_ERROR;
				GCC_WARN_UNDECLARED_SELECTOR = YES;
				GCC_WARN_UNINITIALIZED_AUTOS = YES_AGGRESSIVE;
				GCC_WARN_UNUSED_FUNCTION = YES;
				GCC_WARN_UNUSED_VARIABLE = YES;
				IPHONEOS_DEPLOYMENT_TARGET = 18.5;
				LOCALIZATION_PREFERS_STRING_CATALOGS = YES;
				MTL_ENABLE_DEBUG_INFO = NO;
				MTL_FAST_MATH = YES;
				SDKROOT = iphoneos;
				SWIFT_COMPILATION_MODE = wholemodule;
				VALIDATE_PRODUCT = YES;
			};
			name = Release;
		};
		3F50EE592E29FB580059820B /* Debug */ = {
			isa = XCBuildConfiguration;
			buildSettings = {
				BUNDLE_LOADER = "$(TEST_HOST)";
				CODE_SIGN_STYLE = Automatic;
				CURRENT_PROJECT_VERSION = 1;
				GENERATE_INFOPLIST_FILE = YES;
				IPHONEOS_DEPLOYMENT_TARGET = 18.5;
				MARKETING_VERSION = 1.0;
				PRODUCT_BUNDLE_IDENTIFIER = "com.dikhsha.Seguv-NavigationTests";
				PRODUCT_NAME = "$(TARGET_NAME)";
				SWIFT_EMIT_LOC_STRINGS = NO;
				SWIFT_VERSION = 5.0;
				TARGETED_DEVICE_FAMILY = "1,2";
				TEST_HOST = "$(BUILT_PRODUCTS_DIR)/Seguv_Navigation.app/$(BUNDLE_EXECUTABLE_FOLDER_PATH)/Seguv_Navigation";
			};
			name = Debug;
		};
		3F50EE5A2E29FB580059820B /* Release */ = {
			isa = XCBuildConfiguration;
			buildSettings = {
				BUNDLE_LOADER = "$(TEST_HOST)";
				CODE_SIGN_STYLE = Automatic;
				CURRENT_PROJECT_VERSION = 1;
				GENERATE_INFOPLIST_FILE = YES;
				IPHONEOS_DEPLOYMENT_TARGET = 18.5;
				MARKETING_VERSION = 1.0;
				PRODUCT_BUNDLE_IDENTIFIER = "com.dikhsha.Seguv-NavigationTests";
				PRODUCT_NAME = "$(TARGET_NAME)";
				SWIFT_EMIT_LOC_STRINGS = NO;
				SWIFT_VERSION = 5.0;
				TARGETED_DEVICE_FAMILY = "1,2";
				TEST_HOST = "$(BUILT_PRODUCTS_DIR)/Seguv_Navigation.app/$(BUNDLE_EXECUTABLE_FOLDER_PATH)/Seguv_Navigation";
			};
			name = Release;
		};
		3F50EE5C2E29FB580059820B /* Debug */ = {
			isa = XCBuildConfiguration;
			buildSettings = {
				CODE_SIGN_STYLE = Automatic;
				CURRENT_PROJECT_VERSION = 1;
				GENERATE_INFOPLIST_FILE = YES;
				MARKETING_VERSION = 1.0;
				PRODUCT_BUNDLE_IDENTIFIER = "com.dikhsha.Seguv-NavigationUITests";
				PRODUCT_NAME = "$(TARGET_NAME)";
				SWIFT_EMIT_LOC_STRINGS = NO;
				SWIFT_VERSION = 5.0;
				TARGETED_DEVICE_FAMILY = "1,2";
				TEST_TARGET_NAME = Seguv_Navigation;
			};
			name = Debug;
		};
		3F50EE5D2E29FB580059820B /* Release */ = {
			isa = XCBuildConfiguration;
			buildSettings = {
				CODE_SIGN_STYLE = Automatic;
				CURRENT_PROJECT_VERSION = 1;
				GENERATE_INFOPLIST_FILE = YES;
				MARKETING_VERSION = 1.0;
				PRODUCT_BUNDLE_IDENTIFIER = "com.dikhsha.Seguv-NavigationUITests";
				PRODUCT_NAME = "$(TARGET_NAME)";
				SWIFT_EMIT_LOC_STRINGS = NO;
				SWIFT_VERSION = 5.0;
				TARGETED_DEVICE_FAMILY = "1,2";
				TEST_TARGET_NAME = Seguv_Navigation;
			};
			name = Release;
		};
/* End XCBuildConfiguration section */

/* Begin XCConfigurationList section */
		3F50EE252E29FB560059820B /* Build configuration list for PBXProject "Seguv_Navigation" */ = {
			isa = XCConfigurationList;
			buildConfigurations = (
				3F50EE562E29FB580059820B /* Debug */,
				3F50EE572E29FB580059820B /* Release */,
			);
			defaultConfigurationIsVisible = 0;
			defaultConfigurationName = Release;
		};
		3F50EE532E29FB580059820B /* Build configuration list for PBXNativeTarget "Seguv_Navigation" */ = {
			isa = XCConfigurationList;
			buildConfigurations = (
				3F50EE542E29FB580059820B /* Debug */,
				3F50EE552E29FB580059820B /* Release */,
			);
			defaultConfigurationIsVisible = 0;
			defaultConfigurationName = Release;
		};
		3F50EE582E29FB580059820B /* Build configuration list for PBXNativeTarget "Seguv_NavigationTests" */ = {
			isa = XCConfigurationList;
			buildConfigurations = (
				3F50EE592E29FB580059820B /* Debug */,
				3F50EE5A2E29FB580059820B /* Release */,
			);
			defaultConfigurationIsVisible = 0;
			defaultConfigurationName = Release;
		};
		3F50EE5B2E29FB580059820B /* Build configuration list for PBXNativeTarget "Seguv_NavigationUITests" */ = {
			isa = XCConfigurationList;
			buildConfigurations = (
				3F50EE5C2E29FB580059820B /* Debug */,
				3F50EE5D2E29FB580059820B /* Release */,
			);
			defaultConfigurationIsVisible = 0;
			defaultConfigurationName = Release;
		};
/* End XCConfigurationList section */
	};
	rootObject = 3F50EE222E29FB560059820B /* Project object */;
}
