// !$*UTF8*$!
{
	archiveVersion = 1;
	classes = {
	};
	objectVersion = 77;
	objects = {

/* Begin PBXContainerItemProxy section */
		3F0D42D12E2759E100C7EF63 /* PBXContainerItemProxy */ = {
			isa = PBXContainerItemProxy;
			containerPortal = 3F0D42B22E2759DD00C7EF63 /* Project object */;
			proxyType = 1;
			remoteGlobalIDString = 3F0D42B92E2759DD00C7EF63;
			remoteInfo = TwoButtons;
		};
		3F0D42DB2E2759E100C7EF63 /* PBXContainerItemProxy */ = {
			isa = PBXContainerItemProxy;
			containerPortal = 3F0D42B22E2759DD00C7EF63 /* Project object */;
			proxyType = 1;
			remoteGlobalIDString = 3F0D42B92E2759DD00C7EF63;
			remoteInfo = TwoButtons;
		};
/* End PBXContainerItemProxy section */

/* Begin PBXFileReference section */
		3F0D42BA2E2759DD00C7EF63 /* TwoButtons.app */ = {isa = PBXFileReference; explicitFileType = wrapper.application; includeInIndex = 0; path = TwoButtons.app; sourceTree = BUILT_PRODUCTS_DIR; };
		3F0D42D02E2759E100C7EF63 /* TwoButtonsTests.xctest */ = {isa = PBXFileReference; explicitFileType = wrapper.cfbundle; includeInIndex = 0; path = TwoButtonsTests.xctest; sourceTree = BUILT_PRODUCTS_DIR; };
		3F0D42DA2E2759E100C7EF63 /* TwoButtonsUITests.xctest */ = {isa = PBXFileReference; explicitFileType = wrapper.cfbundle; includeInIndex = 0; path = TwoButtonsUITests.xctest; sourceTree = BUILT_PRODUCTS_DIR; };
/* End PBXFileReference section */

/* Begin PBXFileSystemSynchronizedBuildFileExceptionSet section */
		3F0D42E22E2759E100C7EF63 /* Exceptions for "TwoButtons" folder in "TwoButtons" target */ = {
			isa = PBXFileSystemSynchronizedBuildFileExceptionSet;
			membershipExceptions = (
				Info.plist,
			);
			target = 3F0D42B92E2759DD00C7EF63 /* TwoButtons */;
		};
/* End PBXFileSystemSynchronizedBuildFileExceptionSet section */

/* Begin PBXFileSystemSynchronizedRootGroup section */
		3F0D42BC2E2759DD00C7EF63 /* TwoButtons */ = {
			isa = PBXFileSystemSynchronizedRootGroup;
			exceptions = (
				3F0D42E22E2759E100C7EF63 /* Exceptions for "TwoButtons" folder in "TwoButtons" target */,
			);
			path = TwoButtons;
			sourceTree = "<group>";
		};
		3F0D42D32E2759E100C7EF63 /* TwoButtonsTests */ = {
			isa = PBXFileSystemSynchronizedRootGroup;
			path = TwoButtonsTests;
			sourceTree = "<group>";
		};
		3F0D42DD2E2759E100C7EF63 /* TwoButtonsUITests */ = {
			isa = PBXFileSystemSynchronizedRootGroup;
			path = TwoButtonsUITests;
			sourceTree = "<group>";
		};
/* End PBXFileSystemSynchronizedRootGroup section */

/* Begin PBXFrameworksBuildPhase section */
		3F0D42B72E2759DD00C7EF63 /* Frameworks */ = {
			isa = PBXFrameworksBuildPhase;
			buildActionMask = 2147483647;
			files = (
			);
			runOnlyForDeploymentPostprocessing = 0;
		};
		3F0D42CD2E2759E100C7EF63 /* Frameworks */ = {
			isa = PBXFrameworksBuildPhase;
			buildActionMask = 2147483647;
			files = (
			);
			runOnlyForDeploymentPostprocessing = 0;
		};
		3F0D42D72E2759E100C7EF63 /* Frameworks */ = {
			isa = PBXFrameworksBuildPhase;
			buildActionMask = 2147483647;
			files = (
			);
			runOnlyForDeploymentPostprocessing = 0;
		};
/* End PBXFrameworksBuildPhase section */

/* Begin PBXGroup section */
		3F0D42B12E2759DD00C7EF63 = {
			isa = PBXGroup;
			children = (
				3F0D42BC2E2759DD00C7EF63 /* TwoButtons */,
				3F0D42D32E2759E100C7EF63 /* TwoButtonsTests */,
				3F0D42DD2E2759E100C7EF63 /* TwoButtonsUITests */,
				3F0D42BB2E2759DD00C7EF63 /* Products */,
			);
			sourceTree = "<group>";
		};
		3F0D42BB2E2759DD00C7EF63 /* Products */ = {
			isa = PBXGroup;
			children = (
				3F0D42BA2E2759DD00C7EF63 /* TwoButtons.app */,
				3F0D42D02E2759E100C7EF63 /* TwoButtonsTests.xctest */,
				3F0D42DA2E2759E100C7EF63 /* TwoButtonsUITests.xctest */,
			);
			name = Products;
			sourceTree = "<group>";
		};
/* End PBXGroup section */

/* Begin PBXNativeTarget section */
		3F0D42B92E2759DD00C7EF63 /* TwoButtons */ = {
			isa = PBXNativeTarget;
			buildConfigurationList = 3F0D42E32E2759E100C7EF63 /* Build configuration list for PBXNativeTarget "TwoButtons" */;
			buildPhases = (
				3F0D42B62E2759DD00C7EF63 /* Sources */,
				3F0D42B72E2759DD00C7EF63 /* Frameworks */,
				3F0D42B82E2759DD00C7EF63 /* Resources */,
			);
			buildRules = (
			);
			dependencies = (
			);
			fileSystemSynchronizedGroups = (
				3F0D42BC2E2759DD00C7EF63 /* TwoButtons */,
			);
			name = TwoButtons;
			packageProductDependencies = (
			);
			productName = TwoButtons;
			productReference = 3F0D42BA2E2759DD00C7EF63 /* TwoButtons.app */;
			productType = "com.apple.product-type.application";
		};
		3F0D42CF2E2759E100C7EF63 /* TwoButtonsTests */ = {
			isa = PBXNativeTarget;
			buildConfigurationList = 3F0D42E82E2759E100C7EF63 /* Build configuration list for PBXNativeTarget "TwoButtonsTests" */;
			buildPhases = (
				3F0D42CC2E2759E100C7EF63 /* Sources */,
				3F0D42CD2E2759E100C7EF63 /* Frameworks */,
				3F0D42CE2E2759E100C7EF63 /* Resources */,
			);
			buildRules = (
			);
			dependencies = (
				3F0D42D22E2759E100C7EF63 /* PBXTargetDependency */,
			);
			fileSystemSynchronizedGroups = (
				3F0D42D32E2759E100C7EF63 /* TwoButtonsTests */,
			);
			name = TwoButtonsTests;
			packageProductDependencies = (
			);
			productName = TwoButtonsTests;
			productReference = 3F0D42D02E2759E100C7EF63 /* TwoButtonsTests.xctest */;
			productType = "com.apple.product-type.bundle.unit-test";
		};
		3F0D42D92E2759E100C7EF63 /* TwoButtonsUITests */ = {
			isa = PBXNativeTarget;
			buildConfigurationList = 3F0D42EB2E2759E100C7EF63 /* Build configuration list for PBXNativeTarget "TwoButtonsUITests" */;
			buildPhases = (
				3F0D42D62E2759E100C7EF63 /* Sources */,
				3F0D42D72E2759E100C7EF63 /* Frameworks */,
				3F0D42D82E2759E100C7EF63 /* Resources */,
			);
			buildRules = (
			);
			dependencies = (
				3F0D42DC2E2759E100C7EF63 /* PBXTargetDependency */,
			);
			fileSystemSynchronizedGroups = (
				3F0D42DD2E2759E100C7EF63 /* TwoButtonsUITests */,
			);
			name = TwoButtonsUITests;
			packageProductDependencies = (
			);
			productName = TwoButtonsUITests;
			productReference = 3F0D42DA2E2759E100C7EF63 /* TwoButtonsUITests.xctest */;
			productType = "com.apple.product-type.bundle.ui-testing";
		};
/* End PBXNativeTarget section */

/* Begin PBXProject section */
		3F0D42B22E2759DD00C7EF63 /* Project object */ = {
			isa = PBXProject;
			attributes = {
				BuildIndependentTargetsInParallel = 1;
				LastSwiftUpdateCheck = 1640;
				LastUpgradeCheck = 1640;
				TargetAttributes = {
					3F0D42B92E2759DD00C7EF63 = {
						CreatedOnToolsVersion = 16.4;
					};
					3F0D42CF2E2759E100C7EF63 = {
						CreatedOnToolsVersion = 16.4;
						TestTargetID = 3F0D42B92E2759DD00C7EF63;
					};
					3F0D42D92E2759E100C7EF63 = {
						CreatedOnToolsVersion = 16.4;
						TestTargetID = 3F0D42B92E2759DD00C7EF63;
					};
				};
			};
			buildConfigurationList = 3F0D42B52E2759DD00C7EF63 /* Build configuration list for PBXProject "TwoButtons" */;
			developmentRegion = en;
			hasScannedForEncodings = 0;
			knownRegions = (
				en,
				Base,
			);
			mainGroup = 3F0D42B12E2759DD00C7EF63;
			minimizedProjectReferenceProxies = 1;
			preferredProjectObjectVersion = 77;
			productRefGroup = 3F0D42BB2E2759DD00C7EF63 /* Products */;
			projectDirPath = "";
			projectRoot = "";
			targets = (
				3F0D42B92E2759DD00C7EF63 /* TwoButtons */,
				3F0D42CF2E2759E100C7EF63 /* TwoButtonsTests */,
				3F0D42D92E2759E100C7EF63 /* TwoButtonsUITests */,
			);
		};
/* End PBXProject section */

/* Begin PBXResourcesBuildPhase section */
		3F0D42B82E2759DD00C7EF63 /* Resources */ = {
			isa = PBXResourcesBuildPhase;
			buildActionMask = 2147483647;
			files = (
			);
			runOnlyForDeploymentPostprocessing = 0;
		};
		3F0D42CE2E2759E100C7EF63 /* Resources */ = {
			isa = PBXResourcesBuildPhase;
			buildActionMask = 2147483647;
			files = (
			);
			runOnlyForDeploymentPostprocessing = 0;
		};
		3F0D42D82E2759E100C7EF63 /* Resources */ = {
			isa = PBXResourcesBuildPhase;
			buildActionMask = 2147483647;
			files = (
			);
			runOnlyForDeploymentPostprocessing = 0;
		};
/* End PBXResourcesBuildPhase section */

/* Begin PBXSourcesBuildPhase section */
		3F0D42B62E2759DD00C7EF63 /* Sources */ = {
			isa = PBXSourcesBuildPhase;
			buildActionMask = 2147483647;
			files = (
			);
			runOnlyForDeploymentPostprocessing = 0;
		};
		3F0D42CC2E2759E100C7EF63 /* Sources */ = {
			isa = PBXSourcesBuildPhase;
			buildActionMask = 2147483647;
			files = (
			);
			runOnlyForDeploymentPostprocessing = 0;
		};
		3F0D42D62E2759E100C7EF63 /* Sources */ = {
			isa = PBXSourcesBuildPhase;
			buildActionMask = 2147483647;
			files = (
			);
			runOnlyForDeploymentPostprocessing = 0;
		};
/* End PBXSourcesBuildPhase section */

/* Begin PBXTargetDependency section */
		3F0D42D22E2759E100C7EF63 /* PBXTargetDependency */ = {
			isa = PBXTargetDependency;
			target = 3F0D42B92E2759DD00C7EF63 /* TwoButtons */;
			targetProxy = 3F0D42D12E2759E100C7EF63 /* PBXContainerItemProxy */;
		};
		3F0D42DC2E2759E100C7EF63 /* PBXTargetDependency */ = {
			isa = PBXTargetDependency;
			target = 3F0D42B92E2759DD00C7EF63 /* TwoButtons */;
			targetProxy = 3F0D42DB2E2759E100C7EF63 /* PBXContainerItemProxy */;
		};
/* End PBXTargetDependency section */

/* Begin XCBuildConfiguration section */
		3F0D42E42E2759E100C7EF63 /* Debug */ = {
			isa = XCBuildConfiguration;
			buildSettings = {
				ASSETCATALOG_COMPILER_APPICON_NAME = AppIcon;
				ASSETCATALOG_COMPILER_GLOBAL_ACCENT_COLOR_NAME = AccentColor;
				CODE_SIGN_STYLE = Automatic;
				CURRENT_PROJECT_VERSION = 1;
				GENERATE_INFOPLIST_FILE = YES;
				INFOPLIST_FILE = TwoButtons/Info.plist;
				INFOPLIST_KEY_UIApplicationSupportsIndirectInputEvents = YES;
				INFOPLIST_KEY_UILaunchStoryboardName = LaunchScreen;
				INFOPLIST_KEY_UIMainStoryboardFile = Main;
				INFOPLIST_KEY_UISupportedInterfaceOrientations_iPad = "UIInterfaceOrientationPortrait UIInterfaceOrientationPortraitUpsideDown UIInterfaceOrientationLandscapeLeft UIInterfaceOrientationLandscapeRight";
				INFOPLIST_KEY_UISupportedInterfaceOrientations_iPhone = "UIInterfaceOrientationPortrait UIInterfaceOrientationLandscapeLeft UIInterfaceOrientationLandscapeRight";
				LD_RUNPATH_SEARCH_PATHS = (
					"$(inherited)",
					"@executable_path/Frameworks",
				);
				MARKETING_VERSION = 1.0;
				PRODUCT_BUNDLE_IDENTIFIER = com.dikhsha.TwoButtons;
				PRODUCT_NAME = "$(TARGET_NAME)";
				SWIFT_EMIT_LOC_STRINGS = YES;
				SWIFT_VERSION = 5.0;
				TARGETED_DEVICE_FAMILY = "1,2";
			};
			name = Debug;
		};
		3F0D42E52E2759E100C7EF63 /* Release */ = {
			isa = XCBuildConfiguration;
			buildSettings = {
				ASSETCATALOG_COMPILER_APPICON_NAME = AppIcon;
				ASSETCATALOG_COMPILER_GLOBAL_ACCENT_COLOR_NAME = AccentColor;
				CODE_SIGN_STYLE = Automatic;
				CURRENT_PROJECT_VERSION = 1;
				GENERATE_INFOPLIST_FILE = YES;
				INFOPLIST_FILE = TwoButtons/Info.plist;
				INFOPLIST_KEY_UIApplicationSupportsIndirectInputEvents = YES;
				INFOPLIST_KEY_UILaunchStoryboardName = LaunchScreen;
				INFOPLIST_KEY_UIMainStoryboardFile = Main;
				INFOPLIST_KEY_UISupportedInterfaceOrientations_iPad = "UIInterfaceOrientationPortrait UIInterfaceOrientationPortraitUpsideDown UIInterfaceOrientationLandscapeLeft UIInterfaceOrientationLandscapeRight";
				INFOPLIST_KEY_UISupportedInterfaceOrientations_iPhone = "UIInterfaceOrientationPortrait UIInterfaceOrientationLandscapeLeft UIInterfaceOrientationLandscapeRight";
				LD_RUNPATH_SEARCH_PATHS = (
					"$(inherited)",
					"@executable_path/Frameworks",
				);
				MARKETING_VERSION = 1.0;
				PRODUCT_BUNDLE_IDENTIFIER = com.dikhsha.TwoButtons;
				PRODUCT_NAME = "$(TARGET_NAME)";
				SWIFT_EMIT_LOC_STRINGS = YES;
				SWIFT_VERSION = 5.0;
				TARGETED_DEVICE_FAMILY = "1,2";
			};
			name = Release;
		};
		3F0D42E62E2759E100C7EF63 /* Debug */ = {
			isa = XCBuildConfiguration;
			buildSettings = {
				ALWAYS_SEARCH_USER_PATHS = NO;
				ASSETCATALOG_COMPILER_GENERATE_SWIFT_ASSET_SYMBOL_EXTENSIONS = YES;
				CLANG_ANALYZER_NONNULL = YES;
				CLANG_ANALYZER_NUMBER_OBJECT_CONVERSION = YES_AGGRESSIVE;
				CLANG_CXX_LANGUAGE_STANDARD = "gnu++20";
				CLANG_ENABLE_MODULES = YES;
				CLANG_ENABLE_OBJC_ARC = YES;
				CLANG_ENABLE_OBJC_WEAK = YES;
				CLANG_WARN_BLOCK_CAPTURE_AUTORELEASING = YES;
				CLANG_WARN_BOOL_CONVERSION = YES;
				CLANG_WARN_COMMA = YES;
				CLANG_WARN_CONSTANT_CONVERSION = YES;
				CLANG_WARN_DEPRECATED_OBJC_IMPLEMENTATIONS = YES;
				CLANG_WARN_DIRECT_OBJC_ISA_USAGE = YES_ERROR;
				CLANG_WARN_DOCUMENTATION_COMMENTS = YES;
				CLANG_WARN_EMPTY_BODY = YES;
				CLANG_WARN_ENUM_CONVERSION = YES;
				CLANG_WARN_INFINITE_RECURSION = YES;
				CLANG_WARN_INT_CONVERSION = YES;
				CLANG_WARN_NON_LITERAL_NULL_CONVERSION = YES;
				CLANG_WARN_OBJC_IMPLICIT_RETAIN_SELF = YES;
				CLANG_WARN_OBJC_LITERAL_CONVERSION = YES;
				CLANG_WARN_OBJC_ROOT_CLASS = YES_ERROR;
				CLANG_WARN_QUOTED_INCLUDE_IN_FRAMEWORK_HEADER = YES;
				CLANG_WARN_RANGE_LOOP_ANALYSIS = YES;
				CLANG_WARN_STRICT_PROTOTYPES = YES;
				CLANG_WARN_SUSPICIOUS_MOVE = YES;
				CLANG_WARN_UNGUARDED_AVAILABILITY = YES_AGGRESSIVE;
				CLANG_WARN_UNREACHABLE_CODE = YES;
				CLANG_WARN__DUPLICATE_METHOD_MATCH = YES;
				COPY_PHASE_STRIP = NO;
				DEBUG_INFORMATION_FORMAT = dwarf;
				ENABLE_STRICT_OBJC_MSGSEND = YES;
				ENABLE_TESTABILITY = YES;
				ENABLE_USER_SCRIPT_SANDBOXING = YES;
				GCC_C_LANGUAGE_STANDARD = gnu17;
				GCC_DYNAMIC_NO_PIC = NO;
				GCC_NO_COMMON_BLOCKS = YES;
				GCC_OPTIMIZATION_LEVEL = 0;
				GCC_PREPROCESSOR_DEFINITIONS = (
					"DEBUG=1",
					"$(inherited)",
				);
				GCC_WARN_64_TO_32_BIT_CONVERSION = YES;
				GCC_WARN_ABOUT_RETURN_TYPE = YES_ERROR;
				GCC_WARN_UNDECLARED_SELECTOR = YES;
				GCC_WARN_UNINITIALIZED_AUTOS = YES_AGGRESSIVE;
				GCC_WARN_UNUSED_FUNCTION = YES;
				GCC_WARN_UNUSED_VARIABLE = YES;
				IPHONEOS_DEPLOYMENT_TARGET = 18.5;
				LOCALIZATION_PREFERS_STRING_CATALOGS = YES;
				MTL_ENABLE_DEBUG_INFO = INCLUDE_SOURCE;
				MTL_FAST_MATH = YES;
				ONLY_ACTIVE_ARCH = YES;
				SDKROOT = iphoneos;
				SWIFT_ACTIVE_COMPILATION_CONDITIONS = "DEBUG $(inherited)";
				SWIFT_OPTIMIZATION_LEVEL = "-Onone";
			};
			name = Debug;
		};
		3F0D42E72E2759E100C7EF63 /* Release */ = {
			isa = XCBuildConfiguration;
			buildSettings = {
				ALWAYS_SEARCH_USER_PATHS = NO;
				ASSETCATALOG_COMPILER_GENERATE_SWIFT_ASSET_SYMBOL_EXTENSIONS = YES;
				CLANG_ANALYZER_NONNULL = YES;
				CLANG_ANALYZER_NUMBER_OBJECT_CONVERSION = YES_AGGRESSIVE;
				CLANG_CXX_LANGUAGE_STANDARD = "gnu++20";
				CLANG_ENABLE_MODULES = YES;
				CLANG_ENABLE_OBJC_ARC = YES;
				CLANG_ENABLE_OBJC_WEAK = YES;
				CLANG_WARN_BLOCK_CAPTURE_AUTORELEASING = YES;
				CLANG_WARN_BOOL_CONVERSION = YES;
				CLANG_WARN_COMMA = YES;
				CLANG_WARN_CONSTANT_CONVERSION = YES;
				CLANG_WARN_DEPRECATED_OBJC_IMPLEMENTATIONS = YES;
				CLANG_WARN_DIRECT_OBJC_ISA_USAGE = YES_ERROR;
				CLANG_WARN_DOCUMENTATION_COMMENTS = YES;
				CLANG_WARN_EMPTY_BODY = YES;
				CLANG_WARN_ENUM_CONVERSION = YES;
				CLANG_WARN_INFINITE_RECURSION = YES;
				CLANG_WARN_INT_CONVERSION = YES;
				CLANG_WARN_NON_LITERAL_NULL_CONVERSION = YES;
				CLANG_WARN_OBJC_IMPLICIT_RETAIN_SELF = YES;
				CLANG_WARN_OBJC_LITERAL_CONVERSION = YES;
				CLANG_WARN_OBJC_ROOT_CLASS = YES_ERROR;
				CLANG_WARN_QUOTED_INCLUDE_IN_FRAMEWORK_HEADER = YES;
				CLANG_WARN_RANGE_LOOP_ANALYSIS = YES;
				CLANG_WARN_STRICT_PROTOTYPES = YES;
				CLANG_WARN_SUSPICIOUS_MOVE = YES;
				CLANG_WARN_UNGUARDED_AVAILABILITY = YES_AGGRESSIVE;
				CLANG_WARN_UNREACHABLE_CODE = YES;
				CLANG_WARN__DUPLICATE_METHOD_MATCH = YES;
				COPY_PHASE_STRIP = NO;
				DEBUG_INFORMATION_FORMAT = "dwarf-with-dsym";
				ENABLE_NS_ASSERTIONS = NO;
				ENABLE_STRICT_OBJC_MSGSEND = YES;
				ENABLE_USER_SCRIPT_SANDBOXING = YES;
				GCC_C_LANGUAGE_STANDARD = gnu17;
				GCC_NO_COMMON_BLOCKS = YES;
				GCC_WARN_64_TO_32_BIT_CONVERSION = YES;
				GCC_WARN_ABOUT_RETURN_TYPE = YES_ERROR;
				GCC_WARN_UNDECLARED_SELECTOR = YES;
				GCC_WARN_UNINITIALIZED_AUTOS = YES_AGGRESSIVE;
				GCC_WARN_UNUSED_FUNCTION = YES;
				GCC_WARN_UNUSED_VARIABLE = YES;
				IPHONEOS_DEPLOYMENT_TARGET = 18.5;
				LOCALIZATION_PREFERS_STRING_CATALOGS = YES;
				MTL_ENABLE_DEBUG_INFO = NO;
				MTL_FAST_MATH = YES;
				SDKROOT = iphoneos;
				SWIFT_COMPILATION_MODE = wholemodule;
				VALIDATE_PRODUCT = YES;
			};
			name = Release;
		};
		3F0D42E92E2759E100C7EF63 /* Debug */ = {
			isa = XCBuildConfiguration;
			buildSettings = {
				BUNDLE_LOADER = "$(TEST_HOST)";
				CODE_SIGN_STYLE = Automatic;
				CURRENT_PROJECT_VERSION = 1;
				GENERATE_INFOPLIST_FILE = YES;
				IPHONEOS_DEPLOYMENT_TARGET = 18.5;
				MARKETING_VERSION = 1.0;
				PRODUCT_BUNDLE_IDENTIFIER = com.dikhsha.TwoButtonsTests;
				PRODUCT_NAME = "$(TARGET_NAME)";
				SWIFT_EMIT_LOC_STRINGS = NO;
				SWIFT_VERSION = 5.0;
				TARGETED_DEVICE_FAMILY = "1,2";
				TEST_HOST = "$(BUILT_PRODUCTS_DIR)/TwoButtons.app/$(BUNDLE_EXECUTABLE_FOLDER_PATH)/TwoButtons";
			};
			name = Debug;
		};
		3F0D42EA2E2759E100C7EF63 /* Release */ = {
			isa = XCBuildConfiguration;
			buildSettings = {
				BUNDLE_LOADER = "$(TEST_HOST)";
				CODE_SIGN_STYLE = Automatic;
				CURRENT_PROJECT_VERSION = 1;
				GENERATE_INFOPLIST_FILE = YES;
				IPHONEOS_DEPLOYMENT_TARGET = 18.5;
				MARKETING_VERSION = 1.0;
				PRODUCT_BUNDLE_IDENTIFIER = com.dikhsha.TwoButtonsTests;
				PRODUCT_NAME = "$(TARGET_NAME)";
				SWIFT_EMIT_LOC_STRINGS = NO;
				SWIFT_VERSION = 5.0;
				TARGETED_DEVICE_FAMILY = "1,2";
				TEST_HOST = "$(BUILT_PRODUCTS_DIR)/TwoButtons.app/$(BUNDLE_EXECUTABLE_FOLDER_PATH)/TwoButtons";
			};
			name = Release;
		};
		3F0D42EC2E2759E100C7EF63 /* Debug */ = {
			isa = XCBuildConfiguration;
			buildSettings = {
				CODE_SIGN_STYLE = Automatic;
				CURRENT_PROJECT_VERSION = 1;
				GENERATE_INFOPLIST_FILE = YES;
				MARKETING_VERSION = 1.0;
				PRODUCT_BUNDLE_IDENTIFIER = com.dikhsha.TwoButtonsUITests;
				PRODUCT_NAME = "$(TARGET_NAME)";
				SWIFT_EMIT_LOC_STRINGS = NO;
				SWIFT_VERSION = 5.0;
				TARGETED_DEVICE_FAMILY = "1,2";
				TEST_TARGET_NAME = TwoButtons;
			};
			name = Debug;
		};
		3F0D42ED2E2759E100C7EF63 /* Release */ = {
			isa = XCBuildConfiguration;
			buildSettings = {
				CODE_SIGN_STYLE = Automatic;
				CURRENT_PROJECT_VERSION = 1;
				GENERATE_INFOPLIST_FILE = YES;
				MARKETING_VERSION = 1.0;
				PRODUCT_BUNDLE_IDENTIFIER = com.dikhsha.TwoButtonsUITests;
				PRODUCT_NAME = "$(TARGET_NAME)";
				SWIFT_EMIT_LOC_STRINGS = NO;
				SWIFT_VERSION = 5.0;
				TARGETED_DEVICE_FAMILY = "1,2";
				TEST_TARGET_NAME = TwoButtons;
			};
			name = Release;
		};
/* End XCBuildConfiguration section */

/* Begin XCConfigurationList section */
		3F0D42B52E2759DD00C7EF63 /* Build configuration list for PBXProject "TwoButtons" */ = {
			isa = XCConfigurationList;
			buildConfigurations = (
				3F0D42E62E2759E100C7EF63 /* Debug */,
				3F0D42E72E2759E100C7EF63 /* Release */,
			);
			defaultConfigurationIsVisible = 0;
			defaultConfigurationName = Release;
		};
		3F0D42E32E2759E100C7EF63 /* Build configuration list for PBXNativeTarget "TwoButtons" */ = {
			isa = XCConfigurationList;
			buildConfigurations = (
				3F0D42E42E2759E100C7EF63 /* Debug */,
				3F0D42E52E2759E100C7EF63 /* Release */,
			);
			defaultConfigurationIsVisible = 0;
			defaultConfigurationName = Release;
		};
		3F0D42E82E2759E100C7EF63 /* Build configuration list for PBXNativeTarget "TwoButtonsTests" */ = {
			isa = XCConfigurationList;
			buildConfigurations = (
				3F0D42E92E2759E100C7EF63 /* Debug */,
				3F0D42EA2E2759E100C7EF63 /* Release */,
			);
			defaultConfigurationIsVisible = 0;
			defaultConfigurationName = Release;
		};
		3F0D42EB2E2759E100C7EF63 /* Build configuration list for PBXNativeTarget "TwoButtonsUITests" */ = {
			isa = XCConfigurationList;
			buildConfigurations = (
				3F0D42EC2E2759E100C7EF63 /* Debug */,
				3F0D42ED2E2759E100C7EF63 /* Release */,
			);
			defaultConfigurationIsVisible = 0;
			defaultConfigurationName = Release;
		};
/* End XCConfigurationList section */
	};
	rootObject = 3F0D42B22E2759DD00C7EF63 /* Project object */;
}
